
Microsoft Visual Studio Solution File, Format Version 12.00
# Visual Studio Version 16
VisualStudioVersion = 16.0.31112.23
MinimumVisualStudioVersion = 10.0.40219.1
Project("{FAE04EC0-301F-11D3-BF4B-00C04F79EFBC}") = "NotificationWithXamarinForms.Android", "NotificationWithXamarinForms\NotificationWithXamarinForms.Android\NotificationWithXamarinForms.Android.csproj", "{343D9167-CF10-4BE2-A7DE-6A09F7AD2287}"
EndProject
Project("{FAE04EC0-301F-11D3-BF4B-00C04F79EFBC}") = "NotificationWithXamarinForms.iOS", "NotificationWithXamarinForms\NotificationWithXamarinForms.iOS\NotificationWithXamarinForms.iOS.csproj", "{5C618511-5E52-4DAB-A391-178D570BF858}"
EndProject
Project("{FAE04EC0-301F-11D3-BF4B-00C04F79EFBC}") = "NotificationWithXamarinForms", "NotificationWithXamarinForms\NotificationWithXamarinForms\NotificationWithXamarinForms.csproj", "{C4D56AE6-69D2-4388-8731-D4C8783209A4}"
EndProject
Global
	GlobalSection(SolutionConfigurationPlatforms) = preSolution
		Debug|Any CPU = Debug|Any CPU
		Debug|iPhone = Debug|iPhone
		Debug|iPhoneSimulator = Debug|iPhoneSimulator
		Release|Any CPU = Release|Any CPU
		Release|iPhone = Release|iPhone
		Release|iPhoneSimulator = Release|iPhoneSimulator
	EndGlobalSection
	GlobalSection(ProjectConfigurationPlatforms) = postSolution
		{343D9167-CF10-4BE2-A7DE-6A09F7AD2287}.Debug|Any CPU.ActiveCfg = Debug|Any CPU
		{343D9167-CF10-4BE2-A7DE-6A09F7AD2287}.Debug|Any CPU.Build.0 = Debug|Any CPU
		{343D9167-CF10-4BE2-A7DE-6A09F7AD2287}.Debug|Any CPU.Deploy.0 = Debug|Any CPU
		{343D9167-CF10-4BE2-A7DE-6A09F7AD2287}.Debug|iPhone.ActiveCfg = Debug|Any CPU
		{343D9167-CF10-4BE2-A7DE-6A09F7AD2287}.Debug|iPhone.Build.0 = Debug|Any CPU
		{343D9167-CF10-4BE2-A7DE-6A09F7AD2287}.Debug|iPhone.Deploy.0 = Debug|Any CPU
		{343D9167-CF10-4BE2-A7DE-6A09F7AD2287}.Debug|iPhoneSimulator.ActiveCfg = Debug|Any CPU
		{343D9167-CF10-4BE2-A7DE-6A09F7AD2287}.Debug|iPhoneSimulator.Build.0 = Debug|Any CPU
		{343D9167-CF10-4BE2-A7DE-6A09F7AD2287}.Debug|iPhoneSimulator.Deploy.0 = Debug|Any CPU
		{343D9167-CF10-4BE2-A7DE-6A09F7AD2287}.Release|Any CPU.ActiveCfg = Release|Any CPU
		{343D9167-CF10-4BE2-A7DE-6A09F7AD2287}.Release|Any CPU.Build.0 = Release|Any CPU
		{343D9167-CF10-4BE2-A7DE-6A09F7AD2287}.Release|Any CPU.Deploy.0 = Release|Any CPU
		{343D9167-CF10-4BE2-A7DE-6A09F7AD2287}.Release|iPhone.ActiveCfg = Release|Any CPU
		{343D9167-CF10-4BE2-A7DE-6A09F7AD2287}.Release|iPhone.Build.0 = Release|Any CPU
		{343D9167-CF10-4BE2-A7DE-6A09F7AD2287}.Release|iPhone.Deploy.0 = Release|Any CPU
		{343D9167-CF10-4BE2-A7DE-6A09F7AD2287}.Release|iPhoneSimulator.ActiveCfg = Release|Any CPU
		{343D9167-CF10-4BE2-A7DE-6A09F7AD2287}.Release|iPhoneSimulator.Build.0 = Release|Any CPU
		{343D9167-CF10-4BE2-A7DE-6A09F7AD2287}.Release|iPhoneSimulator.Deploy.0 = Release|Any CPU
		{5C618511-5E52-4DAB-A391-178D570BF858}.Debug|Any CPU.ActiveCfg = Debug|iPhone
		{5C618511-5E52-4DAB-A391-178D570BF858}.Debug|Any CPU.Build.0 = Debug|iPhone
		{5C618511-5E52-4DAB-A391-178D570BF858}.Debug|Any CPU.Deploy.0 = Debug|iPhone
		{5C618511-5E52-4DAB-A391-178D570BF858}.Debug|iPhone.ActiveCfg = Debug|iPhone
		{5C618511-5E52-4DAB-A391-178D570BF858}.Debug|iPhone.Build.0 = Debug|iPhone
		{5C618511-5E52-4DAB-A391-178D570BF858}.Debug|iPhone.Deploy.0 = Debug|iPhone
		{5C618511-5E52-4DAB-A391-178D570BF858}.Debug|iPhoneSimulator.ActiveCfg = Debug|iPhoneSimulator
		{5C618511-5E52-4DAB-A391-178D570BF858}.Debug|iPhoneSimulator.Build.0 = Debug|iPhoneSimulator
		{5C618511-5E52-4DAB-A391-178D570BF858}.Debug|iPhoneSimulator.Deploy.0 = Debug|iPhoneSimulator
		{5C618511-5E52-4DAB-A391-178D570BF858}.Release|Any CPU.ActiveCfg = Release|iPhoneSimulator
		{5C618511-5E52-4DAB-A391-178D570BF858}.Release|Any CPU.Build.0 = Release|iPhoneSimulator
		{5C618511-5E52-4DAB-A391-178D570BF858}.Release|Any CPU.Deploy.0 = Release|iPhoneSimulator
		{5C618511-5E52-4DAB-A391-178D570BF858}.Release|iPhone.ActiveCfg = Release|iPhone
		{5C618511-5E52-4DAB-A391-178D570BF858}.Release|iPhone.Build.0 = Release|iPhone
		{5C618511-5E52-4DAB-A391-178D570BF858}.Release|iPhone.Deploy.0 = Release|iPhone
		{5C618511-5E52-4DAB-A391-178D570BF858}.Release|iPhoneSimulator.ActiveCfg = Release|iPhoneSimulator
		{5C618511-5E52-4DAB-A391-178D570BF858}.Release|iPhoneSimulator.Build.0 = Release|iPhoneSimulator
		{5C618511-5E52-4DAB-A391-178D570BF858}.Release|iPhoneSimulator.Deploy.0 = Release|iPhoneSimulator
		{C4D56AE6-69D2-4388-8731-D4C8783209A4}.Debug|Any CPU.ActiveCfg = Debug|Any CPU
		{C4D56AE6-69D2-4388-8731-D4C8783209A4}.Debug|Any CPU.Build.0 = Debug|Any CPU
		{C4D56AE6-69D2-4388-8731-D4C8783209A4}.Debug|Any CPU.Deploy.0 = Debug|Any CPU
		{C4D56AE6-69D2-4388-8731-D4C8783209A4}.Debug|iPhone.ActiveCfg = Debug|Any CPU
		{C4D56AE6-69D2-4388-8731-D4C8783209A4}.Debug|iPhone.Build.0 = Debug|Any CPU
		{C4D56AE6-69D2-4388-8731-D4C8783209A4}.Debug|iPhone.Deploy.0 = Debug|Any CPU
		{C4D56AE6-69D2-4388-8731-D4C8783209A4}.Debug|iPhoneSimulator.ActiveCfg = Debug|Any CPU
		{C4D56AE6-69D2-4388-8731-D4C8783209A4}.Debug|iPhoneSimulator.Build.0 = Debug|Any CPU
		{C4D56AE6-69D2-4388-8731-D4C8783209A4}.Debug|iPhoneSimulator.Deploy.0 = Debug|Any CPU
		{C4D56AE6-69D2-4388-8731-D4C8783209A4}.Release|Any CPU.ActiveCfg = Release|Any CPU
		{C4D56AE6-69D2-4388-8731-D4C8783209A4}.Release|Any CPU.Build.0 = Release|Any CPU
		{C4D56AE6-69D2-4388-8731-D4C8783209A4}.Release|Any CPU.Deploy.0 = Release|Any CPU
		{C4D56AE6-69D2-4388-8731-D4C8783209A4}.Release|iPhone.ActiveCfg = Release|Any CPU
		{C4D56AE6-69D2-4388-8731-D4C8783209A4}.Release|iPhone.Build.0 = Release|Any CPU
		{C4D56AE6-69D2-4388-8731-D4C8783209A4}.Release|iPhone.Deploy.0 = Release|Any CPU
		{C4D56AE6-69D2-4388-8731-D4C8783209A4}.Release|iPhoneSimulator.ActiveCfg = Release|Any CPU
		{C4D56AE6-69D2-4388-8731-D4C8783209A4}.Release|iPhoneSimulator.Build.0 = Release|Any CPU
		{C4D56AE6-69D2-4388-8731-D4C8783209A4}.Release|iPhoneSimulator.Deploy.0 = Release|Any CPU
	EndGlobalSection
	GlobalSection(SolutionProperties) = preSolution
		HideSolutionNode = FALSE
	EndGlobalSection
	GlobalSection(ExtensibilityGlobals) = postSolution
		SolutionGuid = {B29B218E-8F45-4339-A9C7-8F14268118FC}
	EndGlobalSection
EndGlobal
